
Microsoft Visual Studio Solution File, Format Version 12.00
# Visual Studio Version 17
VisualStudioVersion = 17.14.36408.4
MinimumVisualStudioVersion = 10.0.40219.1
Project("{FAE04EC0-301F-11D3-BF4B-00C04F79EFBC}") = "UrlShortener", "UrlShortener\UrlShortener.csproj", "{B7811831-AB80-4B47-9F46-0B64AD7A1649}"
EndProject
Project("{FAE04EC0-301F-11D3-BF4B-00C04F79EFBC}") = "UrlShortener.Unit", "UrlShortener.Unit\UrlShortener.Unit.csproj", "{43BA353F-EFFC-4DA7-9DE7-3BEE60697C87}"
EndProject
Global
	GlobalSection(SolutionConfigurationPlatforms) = preSolution
		Debug|Any CPU = Debug|Any CPU
		Release|Any CPU = Release|Any CPU
	EndGlobalSection
	GlobalSection(ProjectConfigurationPlatforms) = postSolution
		{B7811831-AB80-4B47-9F46-0B64AD7A1649}.Debug|Any CPU.ActiveCfg = Debug|Any CPU
		{B7811831-AB80-4B47-9F46-0B64AD7A1649}.Debug|Any CPU.Build.0 = Debug|Any CPU
		{B7811831-AB80-4B47-9F46-0B64AD7A1649}.Release|Any CPU.ActiveCfg = Release|Any CPU
		{B7811831-AB80-4B47-9F46-0B64AD7A1649}.Release|Any CPU.Build.0 = Release|Any CPU
		{43BA353F-EFFC-4DA7-9DE7-3BEE60697C87}.Debug|Any CPU.ActiveCfg = Debug|Any CPU
		{43BA353F-EFFC-4DA7-9DE7-3BEE60697C87}.Debug|Any CPU.Build.0 = Debug|Any CPU
		{43BA353F-EFFC-4DA7-9DE7-3BEE60697C87}.Release|Any CPU.ActiveCfg = Release|Any CPU
		{43BA353F-EFFC-4DA7-9DE7-3BEE60697C87}.Release|Any CPU.Build.0 = Release|Any CPU
	EndGlobalSection
	GlobalSection(SolutionProperties) = preSolution
		HideSolutionNode = FALSE
	EndGlobalSection
	GlobalSection(ExtensibilityGlobals) = postSolution
		SolutionGuid = {7DB822A0-C9EA-4B9A-A43B-2679EC371CD5}
	EndGlobalSection
EndGlobal
